// !$*UTF8*$!
{
	archiveVersion = 1;
	classes = {
	};
	objectVersion = 56;
	objects = {

/* Begin PBXBuildFile section */
		6CBD423D2B20576D0010CAFB /* AppDelegate.swift in Sources */ = {isa = PBXBuildFile; fileRef = 6CBD423C2B20576D0010CAFB /* AppDelegate.swift */; };
		6CBD423F2B20576D0010CAFB /* SceneDelegate.swift in Sources */ = {isa = PBXBuildFile; fileRef = 6CBD423E2B20576D0010CAFB /* SceneDelegate.swift */; };
		6CBD42412B20576D0010CAFB /* ViewController.swift in Sources */ = {isa = PBXBuildFile; fileRef = 6CBD42402B20576D0010CAFB /* ViewController.swift */; };
		6CBD42442B20576D0010CAFB /* Main.storyboard in Resources */ = {isa = PBXBuildFile; fileRef = 6CBD42422B20576D0010CAFB /* Main.storyboard */; };
		6CBD42462B20576E0010CAFB /* Assets.xcassets in Resources */ = {isa = PBXBuildFile; fileRef = 6CBD42452B20576E0010CAFB /* Assets.xcassets */; };
		6CBD42492B20576E0010CAFB /* LaunchScreen.storyboard in Resources */ = {isa = PBXBuildFile; fileRef = 6CBD42472B20576E0010CAFB /* LaunchScreen.storyboard */; };
		6CBD42542B20576F0010CAFB /* PreWorkTests.swift in Sources */ = {isa = PBXBuildFile; fileRef = 6CBD42532B20576F0010CAFB /* PreWorkTests.swift */; };
		6CBD425E2B20576F0010CAFB /* PreWorkUITests.swift in Sources */ = {isa = PBXBuildFile; fileRef = 6CBD425D2B20576F0010CAFB /* PreWorkUITests.swift */; };
		6CBD42602B20576F0010CAFB /* PreWorkUITestsLaunchTests.swift in Sources */ = {isa = PBXBuildFile; fileRef = 6CBD425F2B20576F0010CAFB /* PreWorkUITestsLaunchTests.swift */; };
/* End PBXBuildFile section */

/* Begin PBXContainerItemProxy section */
		6CBD42502B20576F0010CAFB /* PBXContainerItemProxy */ = {
			isa = PBXContainerItemProxy;
			containerPortal = 6CBD42312B20576D0010CAFB /* Project object */;
			proxyType = 1;
			remoteGlobalIDString = 6CBD42382B20576D0010CAFB;
			remoteInfo = PreWork;
		};
		6CBD425A2B20576F0010CAFB /* PBXContainerItemProxy */ = {
			isa = PBXContainerItemProxy;
			containerPortal = 6CBD42312B20576D0010CAFB /* Project object */;
			proxyType = 1;
			remoteGlobalIDString = 6CBD42382B20576D0010CAFB;
			remoteInfo = PreWork;
		};
/* End PBXContainerItemProxy section */

/* Begin PBXFileReference section */
		6CBD42392B20576D0010CAFB /* PreWork.app */ = {isa = PBXFileReference; explicitFileType = wrapper.application; includeInIndex = 0; path = PreWork.app; sourceTree = BUILT_PRODUCTS_DIR; };
		6CBD423C2B20576D0010CAFB /* AppDelegate.swift */ = {isa = PBXFileReference; lastKnownFileType = sourcecode.swift; path = AppDelegate.swift; sourceTree = "<group>"; };
		6CBD423E2B20576D0010CAFB /* SceneDelegate.swift */ = {isa = PBXFileReference; lastKnownFileType = sourcecode.swift; path = SceneDelegate.swift; sourceTree = "<group>"; };
		6CBD42402B20576D0010CAFB /* ViewController.swift */ = {isa = PBXFileReference; lastKnownFileType = sourcecode.swift; path = ViewController.swift; sourceTree = "<group>"; };
		6CBD42432B20576D0010CAFB /* Base */ = {isa = PBXFileReference; lastKnownFileType = file.storyboard; name = Base; path = Base.lproj/Main.storyboard; sourceTree = "<group>"; };
		6CBD42452B20576E0010CAFB /* Assets.xcassets */ = {isa = PBXFileReference; lastKnownFileType = folder.assetcatalog; path = Assets.xcassets; sourceTree = "<group>"; };
		6CBD42482B20576E0010CAFB /* Base */ = {isa = PBXFileReference; lastKnownFileType = file.storyboard; name = Base; path = Base.lproj/LaunchScreen.storyboard; sourceTree = "<group>"; };
		6CBD424A2B20576E0010CAFB /* Info.plist */ = {isa = PBXFileReference; lastKnownFileType = text.plist.xml; path = Info.plist; sourceTree = "<group>"; };
		6CBD424F2B20576F0010CAFB /* PreWorkTests.xctest */ = {isa = PBXFileReference; explicitFileType = wrapper.cfbundle; includeInIndex = 0; path = PreWorkTests.xctest; sourceTree = BUILT_PRODUCTS_DIR; };
		6CBD42532B20576F0010CAFB /* PreWorkTests.swift */ = {isa = PBXFileReference; lastKnownFileType = sourcecode.swift; path = PreWorkTests.swift; sourceTree = "<group>"; };
		6CBD42592B20576F0010CAFB /* PreWorkUITests.xctest */ = {isa = PBXFileReference; explicitFileType = wrapper.cfbundle; includeInIndex = 0; path = PreWorkUITests.xctest; sourceTree = BUILT_PRODUCTS_DIR; };
		6CBD425D2B20576F0010CAFB /* PreWorkUITests.swift */ = {isa = PBXFileReference; lastKnownFileType = sourcecode.swift; path = PreWorkUITests.swift; sourceTree = "<group>"; };
		6CBD425F2B20576F0010CAFB /* PreWorkUITestsLaunchTests.swift */ = {isa = PBXFileReference; lastKnownFileType = sourcecode.swift; path = PreWorkUITestsLaunchTests.swift; sourceTree = "<group>"; };
/* End PBXFileReference section */

/* Begin PBXFrameworksBuildPhase section */
		6CBD42362B20576D0010CAFB /* Frameworks */ = {
			isa = PBXFrameworksBuildPhase;
			buildActionMask = 2147483647;
			files = (
			);
			runOnlyForDeploymentPostprocessing = 0;
		};
		6CBD424C2B20576F0010CAFB /* Frameworks */ = {
			isa = PBXFrameworksBuildPhase;
			buildActionMask = 2147483647;
			files = (
			);
			runOnlyForDeploymentPostprocessing = 0;
		};
		6CBD42562B20576F0010CAFB /* Frameworks */ = {
			isa = PBXFrameworksBuildPhase;
			buildActionMask = 2147483647;
			files = (
			);
			runOnlyForDeploymentPostprocessing = 0;
		};
/* End PBXFrameworksBuildPhase section */

/* Begin PBXGroup section */
		6CBD42302B20576D0010CAFB = {
			isa = PBXGroup;
			children = (
				6CBD423B2B20576D0010CAFB /* PreWork */,
				6CBD42522B20576F0010CAFB /* PreWorkTests */,
				6CBD425C2B20576F0010CAFB /* PreWorkUITests */,
				6CBD423A2B20576D0010CAFB /* Products */,
			);
			sourceTree = "<group>";
		};
		6CBD423A2B20576D0010CAFB /* Products */ = {
			isa = PBXGroup;
			children = (
				6CBD42392B20576D0010CAFB /* PreWork.app */,
				6CBD424F2B20576F0010CAFB /* PreWorkTests.xctest */,
				6CBD42592B20576F0010CAFB /* PreWorkUITests.xctest */,
			);
			name = Products;
			sourceTree = "<group>";
		};
		6CBD423B2B20576D0010CAFB /* PreWork */ = {
			isa = PBXGroup;
			children = (
				6CBD423C2B20576D0010CAFB /* AppDelegate.swift */,
				6CBD423E2B20576D0010CAFB /* SceneDelegate.swift */,
				6CBD42402B20576D0010CAFB /* ViewController.swift */,
				6CBD42422B20576D0010CAFB /* Main.storyboard */,
				6CBD42452B20576E0010CAFB /* Assets.xcassets */,
				6CBD42472B20576E0010CAFB /* LaunchScreen.storyboard */,
				6CBD424A2B20576E0010CAFB /* Info.plist */,
			);
			path = PreWork;
			sourceTree = "<group>";
		};
		6CBD42522B20576F0010CAFB /* PreWorkTests */ = {
			isa = PBXGroup;
			children = (
				6CBD42532B20576F0010CAFB /* PreWorkTests.swift */,
			);
			path = PreWorkTests;
			sourceTree = "<group>";
		};
		6CBD425C2B20576F0010CAFB /* PreWorkUITests */ = {
			isa = PBXGroup;
			children = (
				6CBD425D2B20576F0010CAFB /* PreWorkUITests.swift */,
				6CBD425F2B20576F0010CAFB /* PreWorkUITestsLaunchTests.swift */,
			);
			path = PreWorkUITests;
			sourceTree = "<group>";
		};
/* End PBXGroup section */

/* Begin PBXNativeTarget section */
		6CBD42382B20576D0010CAFB /* PreWork */ = {
			isa = PBXNativeTarget;
			buildConfigurationList = 6CBD42632B20576F0010CAFB /* Build configuration list for PBXNativeTarget "PreWork" */;
			buildPhases = (
				6CBD42352B20576D0010CAFB /* Sources */,
				6CBD42362B20576D0010CAFB /* Frameworks */,
				6CBD42372B20576D0010CAFB /* Resources */,
			);
			buildRules = (
			);
			dependencies = (
			);
			name = PreWork;
			productName = PreWork;
			productReference = 6CBD42392B20576D0010CAFB /* PreWork.app */;
			productType = "com.apple.product-type.application";
		};
		6CBD424E2B20576F0010CAFB /* PreWorkTests */ = {
			isa = PBXNativeTarget;
			buildConfigurationList = 6CBD42662B20576F0010CAFB /* Build configuration list for PBXNativeTarget "PreWorkTests" */;
			buildPhases = (
				6CBD424B2B20576F0010CAFB /* Sources */,
				6CBD424C2B20576F0010CAFB /* Frameworks */,
				6CBD424D2B20576F0010CAFB /* Resources */,
			);
			buildRules = (
			);
			dependencies = (
				6CBD42512B20576F0010CAFB /* PBXTargetDependency */,
			);
			name = PreWorkTests;
			productName = PreWorkTests;
			productReference = 6CBD424F2B20576F0010CAFB /* PreWorkTests.xctest */;
			productType = "com.apple.product-type.bundle.unit-test";
		};
		6CBD42582B20576F0010CAFB /* PreWorkUITests */ = {
			isa = PBXNativeTarget;
			buildConfigurationList = 6CBD42692B20576F0010CAFB /* Build configuration list for PBXNativeTarget "PreWorkUITests" */;
			buildPhases = (
				6CBD42552B20576F0010CAFB /* Sources */,
				6CBD42562B20576F0010CAFB /* Frameworks */,
				6CBD42572B20576F0010CAFB /* Resources */,
			);
			buildRules = (
			);
			dependencies = (
				6CBD425B2B20576F0010CAFB /* PBXTargetDependency */,
			);
			name = PreWorkUITests;
			productName = PreWorkUITests;
			productReference = 6CBD42592B20576F0010CAFB /* PreWorkUITests.xctest */;
			productType = "com.apple.product-type.bundle.ui-testing";
		};
/* End PBXNativeTarget section */

/* Begin PBXProject section */
		6CBD42312B20576D0010CAFB /* Project object */ = {
			isa = PBXProject;
			attributes = {
				BuildIndependentTargetsInParallel = 1;
				LastSwiftUpdateCheck = 1500;
				LastUpgradeCheck = 1500;
				TargetAttributes = {
					6CBD42382B20576D0010CAFB = {
						CreatedOnToolsVersion = 15.0.1;
					};
					6CBD424E2B20576F0010CAFB = {
						CreatedOnToolsVersion = 15.0.1;
						TestTargetID = 6CBD42382B20576D0010CAFB;
					};
					6CBD42582B20576F0010CAFB = {
						CreatedOnToolsVersion = 15.0.1;
						TestTargetID = 6CBD42382B20576D0010CAFB;
					};
				};
			};
			buildConfigurationList = 6CBD42342B20576D0010CAFB /* Build configuration list for PBXProject "PreWork" */;
			compatibilityVersion = "Xcode 14.0";
			developmentRegion = en;
			hasScannedForEncodings = 0;
			knownRegions = (
				en,
				Base,
			);
			mainGroup = 6CBD42302B20576D0010CAFB;
			productRefGroup = 6CBD423A2B20576D0010CAFB /* Products */;
			projectDirPath = "";
			projectRoot = "";
			targets = (
				6CBD42382B20576D0010CAFB /* PreWork */,
				6CBD424E2B20576F0010CAFB /* PreWorkTests */,
				6CBD42582B20576F0010CAFB /* PreWorkUITests */,
			);
		};
/* End PBXProject section */

/* Begin PBXResourcesBuildPhase section */
		6CBD42372B20576D0010CAFB /* Resources */ = {
			isa = PBXResourcesBuildPhase;
			buildActionMask = 2147483647;
			files = (
				6CBD42492B20576E0010CAFB /* LaunchScreen.storyboard in Resources */,
				6CBD42462B20576E0010CAFB /* Assets.xcassets in Resources */,
				6CBD42442B20576D0010CAFB /* Main.storyboard in Resources */,
			);
			runOnlyForDeploymentPostprocessing = 0;
		};
		6CBD424D2B20576F0010CAFB /* Resources */ = {
			isa = PBXResourcesBuildPhase;
			buildActionMask = 2147483647;
			files = (
			);
			runOnlyForDeploymentPostprocessing = 0;
		};
		6CBD42572B20576F0010CAFB /* Resources */ = {
			isa = PBXResourcesBuildPhase;
			buildActionMask = 2147483647;
			files = (
			);
			runOnlyForDeploymentPostprocessing = 0;
		};
/* End PBXResourcesBuildPhase section */

/* Begin PBXSourcesBuildPhase section */
		6CBD42352B20576D0010CAFB /* Sources */ = {
			isa = PBXSourcesBuildPhase;
			buildActionMask = 2147483647;
			files = (
				6CBD42412B20576D0010CAFB /* ViewController.swift in Sources */,
				6CBD423D2B20576D0010CAFB /* AppDelegate.swift in Sources */,
				6CBD423F2B20576D0010CAFB /* SceneDelegate.swift in Sources */,
			);
			runOnlyForDeploymentPostprocessing = 0;
		};
		6CBD424B2B20576F0010CAFB /* Sources */ = {
			isa = PBXSourcesBuildPhase;
			buildActionMask = 2147483647;
			files = (
				6CBD42542B20576F0010CAFB /* PreWorkTests.swift in Sources */,
			);
			runOnlyForDeploymentPostprocessing = 0;
		};
		6CBD42552B20576F0010CAFB /* Sources */ = {
			isa = PBXSourcesBuildPhase;
			buildActionMask = 2147483647;
			files = (
				6CBD425E2B20576F0010CAFB /* PreWorkUITests.swift in Sources */,
				6CBD42602B20576F0010CAFB /* PreWorkUITestsLaunchTests.swift in Sources */,
			);
			runOnlyForDeploymentPostprocessing = 0;
		};
/* End PBXSourcesBuildPhase section */

/* Begin PBXTargetDependency section */
		6CBD42512B20576F0010CAFB /* PBXTargetDependency */ = {
			isa = PBXTargetDependency;
			target = 6CBD42382B20576D0010CAFB /* PreWork */;
			targetProxy = 6CBD42502B20576F0010CAFB /* PBXContainerItemProxy */;
		};
		6CBD425B2B20576F0010CAFB /* PBXTargetDependency */ = {
			isa = PBXTargetDependency;
			target = 6CBD42382B20576D0010CAFB /* PreWork */;
			targetProxy = 6CBD425A2B20576F0010CAFB /* PBXContainerItemProxy */;
		};
/* End PBXTargetDependency section */

/* Begin PBXVariantGroup section */
		6CBD42422B20576D0010CAFB /* Main.storyboard */ = {
			isa = PBXVariantGroup;
			children = (
				6CBD42432B20576D0010CAFB /* Base */,
			);
			name = Main.storyboard;
			sourceTree = "<group>";
		};
		6CBD42472B20576E0010CAFB /* LaunchScreen.storyboard */ = {
			isa = PBXVariantGroup;
			children = (
				6CBD42482B20576E0010CAFB /* Base */,
			);
			name = LaunchScreen.storyboard;
			sourceTree = "<group>";
		};
/* End PBXVariantGroup section */

/* Begin XCBuildConfiguration section */
		6CBD42612B20576F0010CAFB /* Debug */ = {
			isa = XCBuildConfiguration;
			buildSettings = {
				ALWAYS_SEARCH_USER_PATHS = NO;
				ASSETCATALOG_COMPILER_GENERATE_SWIFT_ASSET_SYMBOL_EXTENSIONS = YES;
				CLANG_ANALYZER_NONNULL = YES;
				CLANG_ANALYZER_NUMBER_OBJECT_CONVERSION = YES_AGGRESSIVE;
				CLANG_CXX_LANGUAGE_STANDARD = "gnu++20";
				CLANG_ENABLE_MODULES = YES;
				CLANG_ENABLE_OBJC_ARC = YES;
				CLANG_ENABLE_OBJC_WEAK = YES;
				CLANG_WARN_BLOCK_CAPTURE_AUTORELEASING = YES;
				CLANG_WARN_BOOL_CONVERSION = YES;
				CLANG_WARN_COMMA = YES;
				CLANG_WARN_CONSTANT_CONVERSION = YES;
				CLANG_WARN_DEPRECATED_OBJC_IMPLEMENTATIONS = YES;
				CLANG_WARN_DIRECT_OBJC_ISA_USAGE = YES_ERROR;
				CLANG_WARN_DOCUMENTATION_COMMENTS = YES;
				CLANG_WARN_EMPTY_BODY = YES;
				CLANG_WARN_ENUM_CONVERSION = YES;
				CLANG_WARN_INFINITE_RECURSION = YES;
				CLANG_WARN_INT_CONVERSION = YES;
				CLANG_WARN_NON_LITERAL_NULL_CONVERSION = YES;
				CLANG_WARN_OBJC_IMPLICIT_RETAIN_SELF = YES;
				CLANG_WARN_OBJC_LITERAL_CONVERSION = YES;
				CLANG_WARN_OBJC_ROOT_CLASS = YES_ERROR;
				CLANG_WARN_QUOTED_INCLUDE_IN_FRAMEWORK_HEADER = YES;
				CLANG_WARN_RANGE_LOOP_ANALYSIS = YES;
				CLANG_WARN_STRICT_PROTOTYPES = YES;
				CLANG_WARN_SUSPICIOUS_MOVE = YES;
				CLANG_WARN_UNGUARDED_AVAILABILITY = YES_AGGRESSIVE;
				CLANG_WARN_UNREACHABLE_CODE = YES;
				CLANG_WARN__DUPLICATE_METHOD_MATCH = YES;
				COPY_PHASE_STRIP = NO;
				DEBUG_INFORMATION_FORMAT = dwarf;
				ENABLE_STRICT_OBJC_MSGSEND = YES;
				ENABLE_TESTABILITY = YES;
				ENABLE_USER_SCRIPT_SANDBOXING = YES;
				GCC_C_LANGUAGE_STANDARD = gnu17;
				GCC_DYNAMIC_NO_PIC = NO;
				GCC_NO_COMMON_BLOCKS = YES;
				GCC_OPTIMIZATION_LEVEL = 0;
				GCC_PREPROCESSOR_DEFINITIONS = (
					"DEBUG=1",
					"$(inherited)",
				);
				GCC_WARN_64_TO_32_BIT_CONVERSION = YES;
				GCC_WARN_ABOUT_RETURN_TYPE = YES_ERROR;
				GCC_WARN_UNDECLARED_SELECTOR = YES;
				GCC_WARN_UNINITIALIZED_AUTOS = YES_AGGRESSIVE;
				GCC_WARN_UNUSED_FUNCTION = YES;
				GCC_WARN_UNUSED_VARIABLE = YES;
				IPHONEOS_DEPLOYMENT_TARGET = 17.0;
				LOCALIZATION_PREFERS_STRING_CATALOGS = YES;
				MTL_ENABLE_DEBUG_INFO = INCLUDE_SOURCE;
				MTL_FAST_MATH = YES;
				ONLY_ACTIVE_ARCH = YES;
				SDKROOT = iphoneos;
				SWIFT_ACTIVE_COMPILATION_CONDITIONS = "DEBUG $(inherited)";
				SWIFT_OPTIMIZATION_LEVEL = "-Onone";
			};
			name = Debug;
		};
		6CBD42622B20576F0010CAFB /* Release */ = {
			isa = XCBuildConfiguration;
			buildSettings = {
				ALWAYS_SEARCH_USER_PATHS = NO;
				ASSETCATALOG_COMPILER_GENERATE_SWIFT_ASSET_SYMBOL_EXTENSIONS = YES;
				CLANG_ANALYZER_NONNULL = YES;
				CLANG_ANALYZER_NUMBER_OBJECT_CONVERSION = YES_AGGRESSIVE;
				CLANG_CXX_LANGUAGE_STANDARD = "gnu++20";
				CLANG_ENABLE_MODULES = YES;
				CLANG_ENABLE_OBJC_ARC = YES;
				CLANG_ENABLE_OBJC_WEAK = YES;
				CLANG_WARN_BLOCK_CAPTURE_AUTORELEASING = YES;
				CLANG_WARN_BOOL_CONVERSION = YES;
				CLANG_WARN_COMMA = YES;
				CLANG_WARN_CONSTANT_CONVERSION = YES;
				CLANG_WARN_DEPRECATED_OBJC_IMPLEMENTATIONS = YES;
				CLANG_WARN_DIRECT_OBJC_ISA_USAGE = YES_ERROR;
				CLANG_WARN_DOCUMENTATION_COMMENTS = YES;
				CLANG_WARN_EMPTY_BODY = YES;
				CLANG_WARN_ENUM_CONVERSION = YES;
				CLANG_WARN_INFINITE_RECURSION = YES;
				CLANG_WARN_INT_CONVERSION = YES;
				CLANG_WARN_NON_LITERAL_NULL_CONVERSION = YES;
				CLANG_WARN_OBJC_IMPLICIT_RETAIN_SELF = YES;
				CLANG_WARN_OBJC_LITERAL_CONVERSION = YES;
				CLANG_WARN_OBJC_ROOT_CLASS = YES_ERROR;
				CLANG_WARN_QUOTED_INCLUDE_IN_FRAMEWORK_HEADER = YES;
				CLANG_WARN_RANGE_LOOP_ANALYSIS = YES;
				CLANG_WARN_STRICT_PROTOTYPES = YES;
				CLANG_WARN_SUSPICIOUS_MOVE = YES;
				CLANG_WARN_UNGUARDED_AVAILABILITY = YES_AGGRESSIVE;
				CLANG_WARN_UNREACHABLE_CODE = YES;
				CLANG_WARN__DUPLICATE_METHOD_MATCH = YES;
				COPY_PHASE_STRIP = NO;
				DEBUG_INFORMATION_FORMAT = "dwarf-with-dsym";
				ENABLE_NS_ASSERTIONS = NO;
				ENABLE_STRICT_OBJC_MSGSEND = YES;
				ENABLE_USER_SCRIPT_SANDBOXING = YES;
				GCC_C_LANGUAGE_STANDARD = gnu17;
				GCC_NO_COMMON_BLOCKS = YES;
				GCC_WARN_64_TO_32_BIT_CONVERSION = YES;
				GCC_WARN_ABOUT_RETURN_TYPE = YES_ERROR;
				GCC_WARN_UNDECLARED_SELECTOR = YES;
				GCC_WARN_UNINITIALIZED_AUTOS = YES_AGGRESSIVE;
				GCC_WARN_UNUSED_FUNCTION = YES;
				GCC_WARN_UNUSED_VARIABLE = YES;
				IPHONEOS_DEPLOYMENT_TARGET = 17.0;
				LOCALIZATION_PREFERS_STRING_CATALOGS = YES;
				MTL_ENABLE_DEBUG_INFO = NO;
				MTL_FAST_MATH = YES;
				SDKROOT = iphoneos;
				SWIFT_COMPILATION_MODE = wholemodule;
				VALIDATE_PRODUCT = YES;
			};
			name = Release;
		};
		6CBD42642B20576F0010CAFB /* Debug */ = {
			isa = XCBuildConfiguration;
			buildSettings = {
				ASSETCATALOG_COMPILER_APPICON_NAME = AppIcon;
				ASSETCATALOG_COMPILER_GLOBAL_ACCENT_COLOR_NAME = AccentColor;
				CODE_SIGN_STYLE = Automatic;
				CURRENT_PROJECT_VERSION = 1;
				GENERATE_INFOPLIST_FILE = YES;
				INFOPLIST_FILE = PreWork/Info.plist;
				INFOPLIST_KEY_UIApplicationSupportsIndirectInputEvents = YES;
				INFOPLIST_KEY_UILaunchStoryboardName = LaunchScreen;
				INFOPLIST_KEY_UIMainStoryboardFile = Main;
				INFOPLIST_KEY_UISupportedInterfaceOrientations_iPad = "UIInterfaceOrientationPortrait UIInterfaceOrientationPortraitUpsideDown UIInterfaceOrientationLandscapeLeft UIInterfaceOrientationLandscapeRight";
				INFOPLIST_KEY_UISupportedInterfaceOrientations_iPhone = "UIInterfaceOrientationPortrait UIInterfaceOrientationLandscapeLeft UIInterfaceOrientationLandscapeRight";
				LD_RUNPATH_SEARCH_PATHS = (
					"$(inherited)",
					"@executable_path/Frameworks",
				);
				MARKETING_VERSION = 1.0;
				PRODUCT_BUNDLE_IDENTIFIER = jl.PreWork;
				PRODUCT_NAME = "$(TARGET_NAME)";
				SWIFT_EMIT_LOC_STRINGS = YES;
				SWIFT_VERSION = 5.0;
				TARGETED_DEVICE_FAMILY = "1,2";
			};
			name = Debug;
		};
		6CBD42652B20576F0010CAFB /* Release */ = {
			isa = XCBuildConfiguration;
			buildSettings = {
				ASSETCATALOG_COMPILER_APPICON_NAME = AppIcon;
				ASSETCATALOG_COMPILER_GLOBAL_ACCENT_COLOR_NAME = AccentColor;
				CODE_SIGN_STYLE = Automatic;
				CURRENT_PROJECT_VERSION = 1;
				GENERATE_INFOPLIST_FILE = YES;
				INFOPLIST_FILE = PreWork/Info.plist;
				INFOPLIST_KEY_UIApplicationSupportsIndirectInputEvents = YES;
				INFOPLIST_KEY_UILaunchStoryboardName = LaunchScreen;
				INFOPLIST_KEY_UIMainStoryboardFile = Main;
				INFOPLIST_KEY_UISupportedInterfaceOrientations_iPad = "UIInterfaceOrientationPortrait UIInterfaceOrientationPortraitUpsideDown UIInterfaceOrientationLandscapeLeft UIInterfaceOrientationLandscapeRight";
				INFOPLIST_KEY_UISupportedInterfaceOrientations_iPhone = "UIInterfaceOrientationPortrait UIInterfaceOrientationLandscapeLeft UIInterfaceOrientationLandscapeRight";
				LD_RUNPATH_SEARCH_PATHS = (
					"$(inherited)",
					"@executable_path/Frameworks",
				);
				MARKETING_VERSION = 1.0;
				PRODUCT_BUNDLE_IDENTIFIER = jl.PreWork;
				PRODUCT_NAME = "$(TARGET_NAME)";
				SWIFT_EMIT_LOC_STRINGS = YES;
				SWIFT_VERSION = 5.0;
				TARGETED_DEVICE_FAMILY = "1,2";
			};
			name = Release;
		};
		6CBD42672B20576F0010CAFB /* Debug */ = {
			isa = XCBuildConfiguration;
			buildSettings = {
				ALWAYS_EMBED_SWIFT_STANDARD_LIBRARIES = YES;
				BUNDLE_LOADER = "$(TEST_HOST)";
				CODE_SIGN_STYLE = Automatic;
				CURRENT_PROJECT_VERSION = 1;
				GENERATE_INFOPLIST_FILE = YES;
				IPHONEOS_DEPLOYMENT_TARGET = 17.0;
				MARKETING_VERSION = 1.0;
				PRODUCT_BUNDLE_IDENTIFIER = jl.PreWorkTests;
				PRODUCT_NAME = "$(TARGET_NAME)";
				SWIFT_EMIT_LOC_STRINGS = NO;
				SWIFT_VERSION = 5.0;
				TARGETED_DEVICE_FAMILY = "1,2";
				TEST_HOST = "$(BUILT_PRODUCTS_DIR)/PreWork.app/$(BUNDLE_EXECUTABLE_FOLDER_PATH)/PreWork";
			};
			name = Debug;
		};
		6CBD42682B20576F0010CAFB /* Release */ = {
			isa = XCBuildConfiguration;
			buildSettings = {
				ALWAYS_EMBED_SWIFT_STANDARD_LIBRARIES = YES;
				BUNDLE_LOADER = "$(TEST_HOST)";
				CODE_SIGN_STYLE = Automatic;
				CURRENT_PROJECT_VERSION = 1;
				GENERATE_INFOPLIST_FILE = YES;
				IPHONEOS_DEPLOYMENT_TARGET = 17.0;
				MARKETING_VERSION = 1.0;
				PRODUCT_BUNDLE_IDENTIFIER = jl.PreWorkTests;
				PRODUCT_NAME = "$(TARGET_NAME)";
				SWIFT_EMIT_LOC_STRINGS = NO;
				SWIFT_VERSION = 5.0;
				TARGETED_DEVICE_FAMILY = "1,2";
				TEST_HOST = "$(BUILT_PRODUCTS_DIR)/PreWork.app/$(BUNDLE_EXECUTABLE_FOLDER_PATH)/PreWork";
			};
			name = Release;
		};
		6CBD426A2B20576F0010CAFB /* Debug */ = {
			isa = XCBuildConfiguration;
			buildSettings = {
				ALWAYS_EMBED_SWIFT_STANDARD_LIBRARIES = YES;
				CODE_SIGN_STYLE = Automatic;
				CURRENT_PROJECT_VERSION = 1;
				GENERATE_INFOPLIST_FILE = YES;
				MARKETING_VERSION = 1.0;
				PRODUCT_BUNDLE_IDENTIFIER = jl.PreWorkUITests;
				PRODUCT_NAME = "$(TARGET_NAME)";
				SWIFT_EMIT_LOC_STRINGS = NO;
				SWIFT_VERSION = 5.0;
				TARGETED_DEVICE_FAMILY = "1,2";
				TEST_TARGET_NAME = PreWork;
			};
			name = Debug;
		};
		6CBD426B2B20576F0010CAFB /* Release */ = {
			isa = XCBuildConfiguration;
			buildSettings = {
				ALWAYS_EMBED_SWIFT_STANDARD_LIBRARIES = YES;
				CODE_SIGN_STYLE = Automatic;
				CURRENT_PROJECT_VERSION = 1;
				GENERATE_INFOPLIST_FILE = YES;
				MARKETING_VERSION = 1.0;
				PRODUCT_BUNDLE_IDENTIFIER = jl.PreWorkUITests;
				PRODUCT_NAME = "$(TARGET_NAME)";
				SWIFT_EMIT_LOC_STRINGS = NO;
				SWIFT_VERSION = 5.0;
				TARGETED_DEVICE_FAMILY = "1,2";
				TEST_TARGET_NAME = PreWork;
			};
			name = Release;
		};
/* End XCBuildConfiguration section */

/* Begin XCConfigurationList section */
		6CBD42342B20576D0010CAFB /* Build configuration list for PBXProject "PreWork" */ = {
			isa = XCConfigurationList;
			buildConfigurations = (
				6CBD42612B20576F0010CAFB /* Debug */,
				6CBD42622B20576F0010CAFB /* Release */,
			);
			defaultConfigurationIsVisible = 0;
			defaultConfigurationName = Release;
		};
		6CBD42632B20576F0010CAFB /* Build configuration list for PBXNativeTarget "PreWork" */ = {
			isa = XCConfigurationList;
			buildConfigurations = (
				6CBD42642B20576F0010CAFB /* Debug */,
				6CBD42652B20576F0010CAFB /* Release */,
			);
			defaultConfigurationIsVisible = 0;
			defaultConfigurationName = Release;
		};
		6CBD42662B20576F0010CAFB /* Build configuration list for PBXNativeTarget "PreWorkTests" */ = {
			isa = XCConfigurationList;
			buildConfigurations = (
				6CBD42672B20576F0010CAFB /* Debug */,
				6CBD42682B20576F0010CAFB /* Release */,
			);
			defaultConfigurationIsVisible = 0;
			defaultConfigurationName = Release;
		};
		6CBD42692B20576F0010CAFB /* Build configuration list for PBXNativeTarget "PreWorkUITests" */ = {
			isa = XCConfigurationList;
			buildConfigurations = (
				6CBD426A2B20576F0010CAFB /* Debug */,
				6CBD426B2B20576F0010CAFB /* Release */,
			);
			defaultConfigurationIsVisible = 0;
			defaultConfigurationName = Release;
		};
/* End XCConfigurationList section */
	};
	rootObject = 6CBD42312B20576D0010CAFB /* Project object */;
}
